// !$*UTF8*$!
{
	archiveVersion = 1;
	classes = {
	};
	objectVersion = 56;
	objects = {

/* Begin PBXBuildFile section */
		4F7121832C0E800F000EB268 /* ArchiveLogEntry.swift in Sources */ = {isa = PBXBuildFile; fileRef = 4F7121822C0E800F000EB268 /* ArchiveLogEntry.swift */; };
		4F7121852C0F48B1000EB268 /* RandomAccessCollection.swift in Sources */ = {isa = PBXBuildFile; fileRef = 4F7121842C0F48B1000EB268 /* RandomAccessCollection.swift */; };
		4F7121872C0F48EB000EB268 /* Array.swift in Sources */ = {isa = PBXBuildFile; fileRef = 4F7121862C0F48EB000EB268 /* Array.swift */; };
		4F7121892C0F48FD000EB268 /* String.swift in Sources */ = {isa = PBXBuildFile; fileRef = 4F7121882C0F48FD000EB268 /* String.swift */; };
		4F71218C2C0F4CCA000EB268 /* StatusbarView.swift in Sources */ = {isa = PBXBuildFile; fileRef = 4F71218B2C0F4CCA000EB268 /* StatusbarView.swift */; };
		4F71218E2C0F4DE7000EB268 /* TableView.swift in Sources */ = {isa = PBXBuildFile; fileRef = 4F71218D2C0F4DE7000EB268 /* TableView.swift */; };
		4F7121922C0F5DE1000EB268 /* ToolbarContent.swift in Sources */ = {isa = PBXBuildFile; fileRef = 4F7121912C0F5DE1000EB268 /* ToolbarContent.swift */; };
		4F7121942C0F6938000EB268 /* TableRowTreeContent.swift in Sources */ = {isa = PBXBuildFile; fileRef = 4F7121932C0F6938000EB268 /* TableRowTreeContent.swift */; };
		4F7121972C0F6B4C000EB268 /* MainWindowViewModel.swift in Sources */ = {isa = PBXBuildFile; fileRef = 4F7121962C0F6B4C000EB268 /* MainWindowViewModel.swift */; };
		4F71219B2C10864F000EB268 /* HideViewModifier.swift in Sources */ = {isa = PBXBuildFile; fileRef = 4F71219A2C10864F000EB268 /* HideViewModifier.swift */; };
		4F71219D2C10BB1D000EB268 /* ErrorView.swift in Sources */ = {isa = PBXBuildFile; fileRef = 4F71219C2C10BB1D000EB268 /* ErrorView.swift */; };
		4FCEEEDE2BEE39E7009E9E17 /* ZipZapApp.swift in Sources */ = {isa = PBXBuildFile; fileRef = 4FCEEEDD2BEE39E7009E9E17 /* ZipZapApp.swift */; };
		4FCEEEE02BEE39E7009E9E17 /* MainWindowView.swift in Sources */ = {isa = PBXBuildFile; fileRef = 4FCEEEDF2BEE39E7009E9E17 /* MainWindowView.swift */; };
		4FCEEEE22BEE39E9009E9E17 /* Assets.xcassets in Resources */ = {isa = PBXBuildFile; fileRef = 4FCEEEE12BEE39E9009E9E17 /* Assets.xcassets */; };
		4FCEEEE52BEE39E9009E9E17 /* Preview Assets.xcassets in Resources */ = {isa = PBXBuildFile; fileRef = 4FCEEEE42BEE39E9009E9E17 /* Preview Assets.xcassets */; };
		4FCEEF292BEE3D3E009E9E17 /* Archive.swift in Sources */ = {isa = PBXBuildFile; fileRef = 4FCEEF282BEE3D3E009E9E17 /* Archive.swift */; };
		4FCEEF2C2BEE3D72009E9E17 /* ArchiveEntry.swift in Sources */ = {isa = PBXBuildFile; fileRef = 4FCEEF2B2BEE3D72009E9E17 /* ArchiveEntry.swift */; };
		4FD4BA562C07C58E00082C13 /* Date.swift in Sources */ = {isa = PBXBuildFile; fileRef = 4FD4BA552C07C58E00082C13 /* Date.swift */; };
/* End PBXBuildFile section */

/* Begin PBXCopyFilesBuildPhase section */
		4FCEEEF02BEE39F6009E9E17 /* Embed Libraries */ = {
			isa = PBXCopyFilesBuildPhase;
			buildActionMask = 2147483647;
			dstPath = "";
			dstSubfolderSpec = 10;
			files = (
			);
			name = "Embed Libraries";
			runOnlyForDeploymentPostprocessing = 0;
		};
/* End PBXCopyFilesBuildPhase section */

/* Begin PBXFileReference section */
		4F7121822C0E800F000EB268 /* ArchiveLogEntry.swift */ = {isa = PBXFileReference; lastKnownFileType = sourcecode.swift; path = ArchiveLogEntry.swift; sourceTree = "<group>"; };
		4F7121842C0F48B1000EB268 /* RandomAccessCollection.swift */ = {isa = PBXFileReference; lastKnownFileType = sourcecode.swift; path = RandomAccessCollection.swift; sourceTree = "<group>"; };
		4F7121862C0F48EB000EB268 /* Array.swift */ = {isa = PBXFileReference; lastKnownFileType = sourcecode.swift; path = Array.swift; sourceTree = "<group>"; };
		4F7121882C0F48FD000EB268 /* String.swift */ = {isa = PBXFileReference; lastKnownFileType = sourcecode.swift; path = String.swift; sourceTree = "<group>"; };
		4F71218B2C0F4CCA000EB268 /* StatusbarView.swift */ = {isa = PBXFileReference; lastKnownFileType = sourcecode.swift; path = StatusbarView.swift; sourceTree = "<group>"; };
		4F71218D2C0F4DE7000EB268 /* TableView.swift */ = {isa = PBXFileReference; lastKnownFileType = sourcecode.swift; path = TableView.swift; sourceTree = "<group>"; };
		4F7121912C0F5DE1000EB268 /* ToolbarContent.swift */ = {isa = PBXFileReference; lastKnownFileType = sourcecode.swift; path = ToolbarContent.swift; sourceTree = "<group>"; };
		4F7121932C0F6938000EB268 /* TableRowTreeContent.swift */ = {isa = PBXFileReference; lastKnownFileType = sourcecode.swift; path = TableRowTreeContent.swift; sourceTree = "<group>"; };
		4F7121962C0F6B4C000EB268 /* MainWindowViewModel.swift */ = {isa = PBXFileReference; lastKnownFileType = sourcecode.swift; path = MainWindowViewModel.swift; sourceTree = "<group>"; };
		4F71219A2C10864F000EB268 /* HideViewModifier.swift */ = {isa = PBXFileReference; lastKnownFileType = sourcecode.swift; path = HideViewModifier.swift; sourceTree = "<group>"; };
		4F71219C2C10BB1D000EB268 /* ErrorView.swift */ = {isa = PBXFileReference; lastKnownFileType = sourcecode.swift; path = ErrorView.swift; sourceTree = "<group>"; };
		4F71219E2C110C67000EB268 /* Info.plist */ = {isa = PBXFileReference; lastKnownFileType = text.plist; path = Info.plist; sourceTree = "<group>"; };
		4FB498582C08A00F004DE958 /* libiconv.tbd */ = {isa = PBXFileReference; lastKnownFileType = "sourcecode.text-based-dylib-definition"; name = libiconv.tbd; path = usr/lib/libiconv.tbd; sourceTree = SDKROOT; };
		4FB4985A2C08A018004DE958 /* libexpat.tbd */ = {isa = PBXFileReference; lastKnownFileType = "sourcecode.text-based-dylib-definition"; name = libexpat.tbd; path = usr/lib/libexpat.tbd; sourceTree = SDKROOT; };
		4FB4985C2C08A020004DE958 /* libbz2.tbd */ = {isa = PBXFileReference; lastKnownFileType = "sourcecode.text-based-dylib-definition"; name = libbz2.tbd; path = usr/lib/libbz2.tbd; sourceTree = SDKROOT; };
		4FB4985E2C08A02D004DE958 /* libz.tbd */ = {isa = PBXFileReference; lastKnownFileType = "sourcecode.text-based-dylib-definition"; name = libz.tbd; path = usr/lib/libz.tbd; sourceTree = SDKROOT; };
		4FB498612C090B79004DE958 /* vendor */ = {isa = PBXFileReference; lastKnownFileType = folder; path = vendor; sourceTree = SOURCE_ROOT; };
		4FCEEEDA2BEE39E7009E9E17 /* ZipZap.app */ = {isa = PBXFileReference; explicitFileType = wrapper.application; includeInIndex = 0; path = ZipZap.app; sourceTree = BUILT_PRODUCTS_DIR; };
		4FCEEEDD2BEE39E7009E9E17 /* ZipZapApp.swift */ = {isa = PBXFileReference; lastKnownFileType = sourcecode.swift; path = ZipZapApp.swift; sourceTree = "<group>"; };
		4FCEEEDF2BEE39E7009E9E17 /* MainWindowView.swift */ = {isa = PBXFileReference; lastKnownFileType = sourcecode.swift; path = MainWindowView.swift; sourceTree = "<group>"; };
		4FCEEEE12BEE39E9009E9E17 /* Assets.xcassets */ = {isa = PBXFileReference; lastKnownFileType = folder.assetcatalog; path = Assets.xcassets; sourceTree = "<group>"; };
		4FCEEEE42BEE39E9009E9E17 /* Preview Assets.xcassets */ = {isa = PBXFileReference; lastKnownFileType = folder.assetcatalog; path = "Preview Assets.xcassets"; sourceTree = "<group>"; };
		4FCEEEE62BEE39E9009E9E17 /* ZipZap.entitlements */ = {isa = PBXFileReference; lastKnownFileType = text.plist.entitlements; path = ZipZap.entitlements; sourceTree = "<group>"; };
		4FCEEF282BEE3D3E009E9E17 /* Archive.swift */ = {isa = PBXFileReference; lastKnownFileType = sourcecode.swift; path = Archive.swift; sourceTree = "<group>"; };
		4FCEEF2B2BEE3D72009E9E17 /* ArchiveEntry.swift */ = {isa = PBXFileReference; lastKnownFileType = sourcecode.swift; path = ArchiveEntry.swift; sourceTree = "<group>"; };
		4FD4BA552C07C58E00082C13 /* Date.swift */ = {isa = PBXFileReference; lastKnownFileType = sourcecode.swift; path = Date.swift; sourceTree = "<group>"; };
		4FD4BA572C07EC7F00082C13 /* libarchive_Bridge.h */ = {isa = PBXFileReference; lastKnownFileType = sourcecode.c.h; path = libarchive_Bridge.h; sourceTree = "<group>"; };
/* End PBXFileReference section */

/* Begin PBXFrameworksBuildPhase section */
		4FCEEED72BEE39E7009E9E17 /* Frameworks */ = {
			isa = PBXFrameworksBuildPhase;
			buildActionMask = 2147483647;
			files = (
			);
			runOnlyForDeploymentPostprocessing = 0;
		};
/* End PBXFrameworksBuildPhase section */

/* Begin PBXGroup section */
		4F71218A2C0F4B03000EB268 /* Views */ = {
			isa = PBXGroup;
			children = (
				4FCEEEDF2BEE39E7009E9E17 /* MainWindowView.swift */,
				4F7121912C0F5DE1000EB268 /* ToolbarContent.swift */,
				4F71218D2C0F4DE7000EB268 /* TableView.swift */,
				4F7121932C0F6938000EB268 /* TableRowTreeContent.swift */,
				4F71218B2C0F4CCA000EB268 /* StatusbarView.swift */,
				4F71219C2C10BB1D000EB268 /* ErrorView.swift */,
			);
			path = Views;
			sourceTree = "<group>";
		};
		4F7121952C0F6B38000EB268 /* View Models */ = {
			isa = PBXGroup;
			children = (
				4F7121962C0F6B4C000EB268 /* MainWindowViewModel.swift */,
			);
			path = "View Models";
			sourceTree = "<group>";
		};
		4FCEEED12BEE39E7009E9E17 = {
			isa = PBXGroup;
			children = (
				4FCEEEDC2BEE39E7009E9E17 /* ZipZap */,
				4FCEEEDB2BEE39E7009E9E17 /* Products */,
				4FCEEEEC2BEE39F6009E9E17 /* Frameworks */,
			);
			sourceTree = "<group>";
		};
		4FCEEEDB2BEE39E7009E9E17 /* Products */ = {
			isa = PBXGroup;
			children = (
				4FCEEEDA2BEE39E7009E9E17 /* ZipZap.app */,
			);
			name = Products;
			sourceTree = "<group>";
		};
		4FCEEEDC2BEE39E7009E9E17 /* ZipZap */ = {
			isa = PBXGroup;
			children = (
				4F71219E2C110C67000EB268 /* Info.plist */,
				4FB498612C090B79004DE958 /* vendor */,
				4FCEEEDD2BEE39E7009E9E17 /* ZipZapApp.swift */,
				4FD4BA572C07EC7F00082C13 /* libarchive_Bridge.h */,
				4FD4BA542C07C57C00082C13 /* Extensions */,
				4FCEEF2A2BEE3D43009E9E17 /* Models */,
				4F7121952C0F6B38000EB268 /* View Models */,
				4F71218A2C0F4B03000EB268 /* Views */,
				4FCEEEE12BEE39E9009E9E17 /* Assets.xcassets */,
				4FCEEEE62BEE39E9009E9E17 /* ZipZap.entitlements */,
				4FCEEEE32BEE39E9009E9E17 /* Preview Content */,
			);
			path = ZipZap;
			sourceTree = "<group>";
		};
		4FCEEEE32BEE39E9009E9E17 /* Preview Content */ = {
			isa = PBXGroup;
			children = (
				4FCEEEE42BEE39E9009E9E17 /* Preview Assets.xcassets */,
			);
			path = "Preview Content";
			sourceTree = "<group>";
		};
		4FCEEEEC2BEE39F6009E9E17 /* Frameworks */ = {
			isa = PBXGroup;
			children = (
				4FB4985E2C08A02D004DE958 /* libz.tbd */,
				4FB4985C2C08A020004DE958 /* libbz2.tbd */,
				4FB4985A2C08A018004DE958 /* libexpat.tbd */,
				4FB498582C08A00F004DE958 /* libiconv.tbd */,
			);
			name = Frameworks;
			sourceTree = "<group>";
		};
		4FCEEF2A2BEE3D43009E9E17 /* Models */ = {
			isa = PBXGroup;
			children = (
				4FCEEF282BEE3D3E009E9E17 /* Archive.swift */,
				4FCEEF2B2BEE3D72009E9E17 /* ArchiveEntry.swift */,
				4F7121822C0E800F000EB268 /* ArchiveLogEntry.swift */,
			);
			path = Models;
			sourceTree = "<group>";
		};
		4FD4BA542C07C57C00082C13 /* Extensions */ = {
			isa = PBXGroup;
			children = (
				4F7121862C0F48EB000EB268 /* Array.swift */,
				4FD4BA552C07C58E00082C13 /* Date.swift */,
				4F7121842C0F48B1000EB268 /* RandomAccessCollection.swift */,
				4F7121882C0F48FD000EB268 /* String.swift */,
				4F71219A2C10864F000EB268 /* HideViewModifier.swift */,
			);
			path = Extensions;
			sourceTree = "<group>";
		};
/* End PBXGroup section */

/* Begin PBXNativeTarget section */
		4FCEEED92BEE39E7009E9E17 /* ZipZap */ = {
			isa = PBXNativeTarget;
			buildConfigurationList = 4FCEEEE92BEE39E9009E9E17 /* Build configuration list for PBXNativeTarget "ZipZap" */;
			buildPhases = (
				4FCEEED62BEE39E7009E9E17 /* Sources */,
				4FCEEED72BEE39E7009E9E17 /* Frameworks */,
				4FCEEED82BEE39E7009E9E17 /* Resources */,
				4FCEEEF02BEE39F6009E9E17 /* Embed Libraries */,
			);
			buildRules = (
			);
			dependencies = (
			);
			name = ZipZap;
			productName = ZipZap;
			productReference = 4FCEEEDA2BEE39E7009E9E17 /* ZipZap.app */;
			productType = "com.apple.product-type.application";
		};
/* End PBXNativeTarget section */

/* Begin PBXProject section */
		4FCEEED22BEE39E7009E9E17 /* Project object */ = {
			isa = PBXProject;
			attributes = {
				BuildIndependentTargetsInParallel = 1;
				LastSwiftUpdateCheck = 1530;
				LastUpgradeCheck = 1530;
				TargetAttributes = {
					4FCEEED92BEE39E7009E9E17 = {
						CreatedOnToolsVersion = 15.3;
					};
				};
			};
			buildConfigurationList = 4FCEEED52BEE39E7009E9E17 /* Build configuration list for PBXProject "ZipZap" */;
			compatibilityVersion = "Xcode 14.0";
			developmentRegion = en;
			hasScannedForEncodings = 0;
			knownRegions = (
				en,
				Base,
			);
			mainGroup = 4FCEEED12BEE39E7009E9E17;
			productRefGroup = 4FCEEEDB2BEE39E7009E9E17 /* Products */;
			projectDirPath = "";
			projectRoot = "";
			targets = (
				4FCEEED92BEE39E7009E9E17 /* ZipZap */,
			);
		};
/* End PBXProject section */

/* Begin PBXResourcesBuildPhase section */
		4FCEEED82BEE39E7009E9E17 /* Resources */ = {
			isa = PBXResourcesBuildPhase;
			buildActionMask = 2147483647;
			files = (
				4FCEEEE52BEE39E9009E9E17 /* Preview Assets.xcassets in Resources */,
				4FCEEEE22BEE39E9009E9E17 /* Assets.xcassets in Resources */,
			);
			runOnlyForDeploymentPostprocessing = 0;
		};
/* End PBXResourcesBuildPhase section */

/* Begin PBXSourcesBuildPhase section */
		4FCEEED62BEE39E7009E9E17 /* Sources */ = {
			isa = PBXSourcesBuildPhase;
			buildActionMask = 2147483647;
			files = (
				4F7121832C0E800F000EB268 /* ArchiveLogEntry.swift in Sources */,
				4F7121922C0F5DE1000EB268 /* ToolbarContent.swift in Sources */,
				4F7121852C0F48B1000EB268 /* RandomAccessCollection.swift in Sources */,
				4FCEEEE02BEE39E7009E9E17 /* MainWindowView.swift in Sources */,
				4F7121892C0F48FD000EB268 /* String.swift in Sources */,
				4F7121972C0F6B4C000EB268 /* MainWindowViewModel.swift in Sources */,
				4FD4BA562C07C58E00082C13 /* Date.swift in Sources */,
				4FCEEF2C2BEE3D72009E9E17 /* ArchiveEntry.swift in Sources */,
				4F7121872C0F48EB000EB268 /* Array.swift in Sources */,
				4FCEEF292BEE3D3E009E9E17 /* Archive.swift in Sources */,
				4F71219B2C10864F000EB268 /* HideViewModifier.swift in Sources */,
				4F71218C2C0F4CCA000EB268 /* StatusbarView.swift in Sources */,
				4F71218E2C0F4DE7000EB268 /* TableView.swift in Sources */,
				4F7121942C0F6938000EB268 /* TableRowTreeContent.swift in Sources */,
				4FCEEEDE2BEE39E7009E9E17 /* ZipZapApp.swift in Sources */,
				4F71219D2C10BB1D000EB268 /* ErrorView.swift in Sources */,
			);
			runOnlyForDeploymentPostprocessing = 0;
		};
/* End PBXSourcesBuildPhase section */

/* Begin XCBuildConfiguration section */
		4FCEEEE72BEE39E9009E9E17 /* Debug */ = {
			isa = XCBuildConfiguration;
			buildSettings = {
				ALWAYS_SEARCH_USER_PATHS = NO;
				ASSETCATALOG_COMPILER_GENERATE_SWIFT_ASSET_SYMBOL_EXTENSIONS = YES;
				CLANG_ANALYZER_NONNULL = YES;
				CLANG_ANALYZER_NUMBER_OBJECT_CONVERSION = YES_AGGRESSIVE;
				CLANG_CXX_LANGUAGE_STANDARD = "gnu++20";
				CLANG_ENABLE_MODULES = YES;
				CLANG_ENABLE_OBJC_ARC = YES;
				CLANG_ENABLE_OBJC_WEAK = YES;
				CLANG_WARN_BLOCK_CAPTURE_AUTORELEASING = YES;
				CLANG_WARN_BOOL_CONVERSION = YES;
				CLANG_WARN_COMMA = YES;
				CLANG_WARN_CONSTANT_CONVERSION = YES;
				CLANG_WARN_DEPRECATED_OBJC_IMPLEMENTATIONS = YES;
				CLANG_WARN_DIRECT_OBJC_ISA_USAGE = YES_ERROR;
				CLANG_WARN_DOCUMENTATION_COMMENTS = YES;
				CLANG_WARN_EMPTY_BODY = YES;
				CLANG_WARN_ENUM_CONVERSION = YES;
				CLANG_WARN_INFINITE_RECURSION = YES;
				CLANG_WARN_INT_CONVERSION = YES;
				CLANG_WARN_NON_LITERAL_NULL_CONVERSION = YES;
				CLANG_WARN_OBJC_IMPLICIT_RETAIN_SELF = YES;
				CLANG_WARN_OBJC_LITERAL_CONVERSION = YES;
				CLANG_WARN_OBJC_ROOT_CLASS = YES_ERROR;
				CLANG_WARN_QUOTED_INCLUDE_IN_FRAMEWORK_HEADER = YES;
				CLANG_WARN_RANGE_LOOP_ANALYSIS = YES;
				CLANG_WARN_STRICT_PROTOTYPES = YES;
				CLANG_WARN_SUSPICIOUS_MOVE = YES;
				CLANG_WARN_UNGUARDED_AVAILABILITY = YES_AGGRESSIVE;
				CLANG_WARN_UNREACHABLE_CODE = YES;
				CLANG_WARN__DUPLICATE_METHOD_MATCH = YES;
				COPY_PHASE_STRIP = NO;
				DEBUG_INFORMATION_FORMAT = dwarf;
				ENABLE_STRICT_OBJC_MSGSEND = YES;
				ENABLE_TESTABILITY = YES;
				ENABLE_USER_SCRIPT_SANDBOXING = YES;
				GCC_C_LANGUAGE_STANDARD = gnu17;
				GCC_DYNAMIC_NO_PIC = NO;
				GCC_NO_COMMON_BLOCKS = YES;
				GCC_OPTIMIZATION_LEVEL = 0;
				GCC_PREPROCESSOR_DEFINITIONS = (
					"DEBUG=1",
					"$(inherited)",
				);
				GCC_WARN_64_TO_32_BIT_CONVERSION = YES;
				GCC_WARN_ABOUT_RETURN_TYPE = YES_ERROR;
				GCC_WARN_UNDECLARED_SELECTOR = YES;
				GCC_WARN_UNINITIALIZED_AUTOS = YES_AGGRESSIVE;
				GCC_WARN_UNUSED_FUNCTION = YES;
				GCC_WARN_UNUSED_VARIABLE = YES;
				LOCALIZATION_PREFERS_STRING_CATALOGS = YES;
				MACOSX_DEPLOYMENT_TARGET = 14.4;
				MTL_ENABLE_DEBUG_INFO = INCLUDE_SOURCE;
				MTL_FAST_MATH = YES;
				ONLY_ACTIVE_ARCH = YES;
				SDKROOT = macosx;
				SWIFT_ACTIVE_COMPILATION_CONDITIONS = "DEBUG $(inherited)";
				SWIFT_OPTIMIZATION_LEVEL = "-Onone";
			};
			name = Debug;
		};
		4FCEEEE82BEE39E9009E9E17 /* Release */ = {
			isa = XCBuildConfiguration;
			buildSettings = {
				ALWAYS_SEARCH_USER_PATHS = NO;
				ASSETCATALOG_COMPILER_GENERATE_SWIFT_ASSET_SYMBOL_EXTENSIONS = YES;
				CLANG_ANALYZER_NONNULL = YES;
				CLANG_ANALYZER_NUMBER_OBJECT_CONVERSION = YES_AGGRESSIVE;
				CLANG_CXX_LANGUAGE_STANDARD = "gnu++20";
				CLANG_ENABLE_MODULES = YES;
				CLANG_ENABLE_OBJC_ARC = YES;
				CLANG_ENABLE_OBJC_WEAK = YES;
				CLANG_WARN_BLOCK_CAPTURE_AUTORELEASING = YES;
				CLANG_WARN_BOOL_CONVERSION = YES;
				CLANG_WARN_COMMA = YES;
				CLANG_WARN_CONSTANT_CONVERSION = YES;
				CLANG_WARN_DEPRECATED_OBJC_IMPLEMENTATIONS = YES;
				CLANG_WARN_DIRECT_OBJC_ISA_USAGE = YES_ERROR;
				CLANG_WARN_DOCUMENTATION_COMMENTS = YES;
				CLANG_WARN_EMPTY_BODY = YES;
				CLANG_WARN_ENUM_CONVERSION = YES;
				CLANG_WARN_INFINITE_RECURSION = YES;
				CLANG_WARN_INT_CONVERSION = YES;
				CLANG_WARN_NON_LITERAL_NULL_CONVERSION = YES;
				CLANG_WARN_OBJC_IMPLICIT_RETAIN_SELF = YES;
				CLANG_WARN_OBJC_LITERAL_CONVERSION = YES;
				CLANG_WARN_OBJC_ROOT_CLASS = YES_ERROR;
				CLANG_WARN_QUOTED_INCLUDE_IN_FRAMEWORK_HEADER = YES;
				CLANG_WARN_RANGE_LOOP_ANALYSIS = YES;
				CLANG_WARN_STRICT_PROTOTYPES = YES;
				CLANG_WARN_SUSPICIOUS_MOVE = YES;
				CLANG_WARN_UNGUARDED_AVAILABILITY = YES_AGGRESSIVE;
				CLANG_WARN_UNREACHABLE_CODE = YES;
				CLANG_WARN__DUPLICATE_METHOD_MATCH = YES;
				COPY_PHASE_STRIP = NO;
				DEBUG_INFORMATION_FORMAT = "dwarf-with-dsym";
				ENABLE_NS_ASSERTIONS = NO;
				ENABLE_STRICT_OBJC_MSGSEND = YES;
				ENABLE_USER_SCRIPT_SANDBOXING = YES;
				GCC_C_LANGUAGE_STANDARD = gnu17;
				GCC_NO_COMMON_BLOCKS = YES;
				GCC_WARN_64_TO_32_BIT_CONVERSION = YES;
				GCC_WARN_ABOUT_RETURN_TYPE = YES_ERROR;
				GCC_WARN_UNDECLARED_SELECTOR = YES;
				GCC_WARN_UNINITIALIZED_AUTOS = YES_AGGRESSIVE;
				GCC_WARN_UNUSED_FUNCTION = YES;
				GCC_WARN_UNUSED_VARIABLE = YES;
				LOCALIZATION_PREFERS_STRING_CATALOGS = YES;
				MACOSX_DEPLOYMENT_TARGET = 14.4;
				MTL_ENABLE_DEBUG_INFO = NO;
				MTL_FAST_MATH = YES;
				SDKROOT = macosx;
				SWIFT_COMPILATION_MODE = wholemodule;
			};
			name = Release;
		};
		4FCEEEEA2BEE39E9009E9E17 /* Debug */ = {
			isa = XCBuildConfiguration;
			buildSettings = {
				ASSETCATALOG_COMPILER_APPICON_NAME = AppIcon;
				ASSETCATALOG_COMPILER_GLOBAL_ACCENT_COLOR_NAME = AccentColor;
				CLANG_TIDY_BUGPRONE_REDUNDANT_BRANCH_CONDITION = YES;
				CLANG_TIDY_MISC_REDUNDANT_EXPRESSION = YES;
				CODE_SIGN_ENTITLEMENTS = ZipZap/ZipZap.entitlements;
				CODE_SIGN_STYLE = Automatic;
				COMBINE_HIDPI_IMAGES = YES;
				CURRENT_PROJECT_VERSION = 1;
				DEVELOPMENT_ASSET_PATHS = "\"ZipZap/Preview Content\"";
				DEVELOPMENT_TEAM = VQCYSNZB89;
				ENABLE_HARDENED_RUNTIME = YES;
				ENABLE_PREVIEWS = YES;
				GCC_WARN_UNUSED_LABEL = YES;
				GENERATE_INFOPLIST_FILE = YES;
				HEADER_SEARCH_PATHS = "${PROJECT_DIR}/vendor/include";
				INFOPLIST_FILE = ZipZap/Info.plist;
				INFOPLIST_KEY_LSApplicationCategoryType = "public.app-category.utilities";
				INFOPLIST_KEY_NSHumanReadableCopyright = "";
				LD_RUNPATH_SEARCH_PATHS = (
					"$(inherited)",
					"@executable_path/../Frameworks",
				);
				LIBRARY_SEARCH_PATHS = (
					"${PROJECT_DIR}/vendor/lib/${CONFIGURATION}",
					/usr/lib,
				);
				MARKETING_VERSION = 1.0;
				ONLY_ACTIVE_ARCH = NO;
				OTHER_LDFLAGS = (
					"-lz",
					"-lbz2",
					"-lexpat",
					"-liconv",
					"-lxml2",
					"-lb2",
					"-llz4",
					"-llzma",
					"-lzstd",
					"-larchive",
				);
				PRODUCT_BUNDLE_IDENTIFIER = net.tenshu.ZipZap;
				PRODUCT_NAME = "$(TARGET_NAME)";
				SWIFT_EMIT_LOC_STRINGS = YES;
				SWIFT_OBJC_BRIDGING_HEADER = ZipZap/libarchive_Bridge.h;
				SWIFT_VERSION = 5.0;
			};
			name = Debug;
		};
		4FCEEEEB2BEE39E9009E9E17 /* Release */ = {
			isa = XCBuildConfiguration;
			buildSettings = {
				ASSETCATALOG_COMPILER_APPICON_NAME = AppIcon;
				ASSETCATALOG_COMPILER_GLOBAL_ACCENT_COLOR_NAME = AccentColor;
				CLANG_TIDY_BUGPRONE_REDUNDANT_BRANCH_CONDITION = YES;
				CLANG_TIDY_MISC_REDUNDANT_EXPRESSION = YES;
				CODE_SIGN_ENTITLEMENTS = ZipZap/ZipZap.entitlements;
				CODE_SIGN_STYLE = Automatic;
				COMBINE_HIDPI_IMAGES = YES;
				CURRENT_PROJECT_VERSION = 1;
				DEVELOPMENT_ASSET_PATHS = "\"ZipZap/Preview Content\"";
				DEVELOPMENT_TEAM = VQCYSNZB89;
				ENABLE_HARDENED_RUNTIME = YES;
				ENABLE_PREVIEWS = YES;
				GCC_WARN_UNUSED_LABEL = YES;
				GENERATE_INFOPLIST_FILE = YES;
				HEADER_SEARCH_PATHS = "${PROJECT_DIR}/vendor/include";
				INFOPLIST_FILE = ZipZap/Info.plist;
				INFOPLIST_KEY_LSApplicationCategoryType = "public.app-category.utilities";
				INFOPLIST_KEY_NSHumanReadableCopyright = "";
				LD_RUNPATH_SEARCH_PATHS = (
					"$(inherited)",
					"@executable_path/../Frameworks",
				);
				LIBRARY_SEARCH_PATHS = (
					"${PROJECT_DIR}/vendor/lib/${CONFIGURATION}",
					/usr/lib,
				);
				MARKETING_VERSION = 1.0;
				OTHER_LDFLAGS = (
					"-lz",
					"-lbz2",
					"-lexpat",
					"-liconv",
					"-lxml2",
					"-lb2",
					"-llz4",
					"-llzma",
					"-lzstd",
					"-larchive",
				);
				PRODUCT_BUNDLE_IDENTIFIER = net.tenshu.ZipZap;
				PRODUCT_NAME = "$(TARGET_NAME)";
				SWIFT_EMIT_LOC_STRINGS = YES;
				SWIFT_OBJC_BRIDGING_HEADER = ZipZap/libarchive_Bridge.h;
				SWIFT_VERSION = 5.0;
			};
			name = Release;
		};
/* End XCBuildConfiguration section */

/* Begin XCConfigurationList section */
		4FCEEED52BEE39E7009E9E17 /* Build configuration list for PBXProject "ZipZap" */ = {
			isa = XCConfigurationList;
			buildConfigurations = (
				4FCEEEE72BEE39E9009E9E17 /* Debug */,
				4FCEEEE82BEE39E9009E9E17 /* Release */,
			);
			defaultConfigurationIsVisible = 0;
			defaultConfigurationName = Release;
		};
		4FCEEEE92BEE39E9009E9E17 /* Build configuration list for PBXNativeTarget "ZipZap" */ = {
			isa = XCConfigurationList;
			buildConfigurations = (
				4FCEEEEA2BEE39E9009E9E17 /* Debug */,
				4FCEEEEB2BEE39E9009E9E17 /* Release */,
			);
			defaultConfigurationIsVisible = 0;
			defaultConfigurationName = Release;
		};
/* End XCConfigurationList section */
	};
	rootObject = 4FCEEED22BEE39E7009E9E17 /* Project object */;
}
